
Microsoft Visual Studio Solution File, Format Version 12.00
# Visual Studio Version 17
VisualStudioVersion = 17.8.34316.72
MinimumVisualStudioVersion = 10.0.40219.1
Project("{FAE04EC0-301F-11D3-BF4B-00C04F79EFBC}") = "isabelle_servico_ti", "isabelle_servicos_TI\isabelle_servico_ti.csproj", "{868A4601-8D4F-4AF6-8CBA-CE1F2397B586}"
EndProject
Global
	GlobalSection(SolutionConfigurationPlatforms) = preSolution
		Debug|Any CPU = Debug|Any CPU
		Release|Any CPU = Release|Any CPU
	EndGlobalSection
	GlobalSection(ProjectConfigurationPlatforms) = postSolution
		{868A4601-8D4F-4AF6-8CBA-CE1F2397B586}.Debug|Any CPU.ActiveCfg = Debug|Any CPU
		{868A4601-8D4F-4AF6-8CBA-CE1F2397B586}.Debug|Any CPU.Build.0 = Debug|Any CPU
		{868A4601-8D4F-4AF6-8CBA-CE1F2397B586}.Release|Any CPU.ActiveCfg = Release|Any CPU
		{868A4601-8D4F-4AF6-8CBA-CE1F2397B586}.Release|Any CPU.Build.0 = Release|Any CPU
	EndGlobalSection
	GlobalSection(SolutionProperties) = preSolution
		HideSolutionNode = FALSE
	EndGlobalSection
	GlobalSection(ExtensibilityGlobals) = postSolution
		SolutionGuid = {8A82ECA1-81C3-40E1-B43A-6E54D95CCE20}
	EndGlobalSection
EndGlobal
